
Microsoft Visual Studio Solution File, Format Version 12.00
# Visual Studio Version 17
VisualStudioVersion = 17.5.33414.496
MinimumVisualStudioVersion = 10.0.40219.1
Project("{FAE04EC0-301F-11D3-BF4B-00C04F79EFBC}") = "pryAguirreBD", "pryAguirreBD\pryAguirreBD.csproj", "{3536BF00-C132-400A-BEA7-934965190FF3}"
EndProject
Global
	GlobalSection(SolutionConfigurationPlatforms) = preSolution
		Debug|Any CPU = Debug|Any CPU
		Release|Any CPU = Release|Any CPU
	EndGlobalSection
	GlobalSection(ProjectConfigurationPlatforms) = postSolution
		{3536BF00-C132-400A-BEA7-934965190FF3}.Debug|Any CPU.ActiveCfg = Debug|Any CPU
		{3536BF00-C132-400A-BEA7-934965190FF3}.Debug|Any CPU.Build.0 = Debug|Any CPU
		{3536BF00-C132-400A-BEA7-934965190FF3}.Release|Any CPU.ActiveCfg = Release|Any CPU
		{3536BF00-C132-400A-BEA7-934965190FF3}.Release|Any CPU.Build.0 = Release|Any CPU
	EndGlobalSection
	GlobalSection(SolutionProperties) = preSolution
		HideSolutionNode = FALSE
	EndGlobalSection
	GlobalSection(ExtensibilityGlobals) = postSolution
		SolutionGuid = {4D25F090-C321-47EB-A4EE-2C387BE18FA5}
	EndGlobalSection
EndGlobal
